
Microsoft Visual Studio Solution File, Format Version 12.00
# Visual Studio Version 17
VisualStudioVersion = 17.6.33927.249
MinimumVisualStudioVersion = 10.0.40219.1
Project("{FAE04EC0-301F-11D3-BF4B-00C04F79EFBC}") = "TodoApp.DataAccess", "TodoApp.DataAccess\TodoApp.DataAccess.csproj", "{BDAB2F2E-08DA-4A0B-A94E-CFB31569993F}"
EndProject
Project("{FAE04EC0-301F-11D3-BF4B-00C04F79EFBC}") = "TodoApp.Business", "TodoApp.Business\TodoApp.Business.csproj", "{85DF8532-5B7C-4735-940C-5CDCABAB7825}"
EndProject
Project("{FAE04EC0-301F-11D3-BF4B-00C04F79EFBC}") = "TodoApp.Entities", "TodoApp.Entities\TodoApp.Entities.csproj", "{6CC43875-F9D0-4E3C-8192-E6509A40D437}"
EndProject
Project("{FAE04EC0-301F-11D3-BF4B-00C04F79EFBC}") = "TodoApp.Dtos", "TodoApp.Dtos\TodoApp.Dtos.csproj", "{0A0769F8-934D-4876-BA37-11F8C1DC21B2}"
EndProject
Project("{FAE04EC0-301F-11D3-BF4B-00C04F79EFBC}") = "TodoApp.WebUI", "TodoApp.WebUI\TodoApp.WebUI.csproj", "{83E8D525-929E-40D9-9D4F-BF2545C4550E}"
EndProject
Global
	GlobalSection(SolutionConfigurationPlatforms) = preSolution
		Debug|Any CPU = Debug|Any CPU
		Release|Any CPU = Release|Any CPU
	EndGlobalSection
	GlobalSection(ProjectConfigurationPlatforms) = postSolution
		{BDAB2F2E-08DA-4A0B-A94E-CFB31569993F}.Debug|Any CPU.ActiveCfg = Debug|Any CPU
		{BDAB2F2E-08DA-4A0B-A94E-CFB31569993F}.Debug|Any CPU.Build.0 = Debug|Any CPU
		{BDAB2F2E-08DA-4A0B-A94E-CFB31569993F}.Release|Any CPU.ActiveCfg = Release|Any CPU
		{BDAB2F2E-08DA-4A0B-A94E-CFB31569993F}.Release|Any CPU.Build.0 = Release|Any CPU
		{85DF8532-5B7C-4735-940C-5CDCABAB7825}.Debug|Any CPU.ActiveCfg = Debug|Any CPU
		{85DF8532-5B7C-4735-940C-5CDCABAB7825}.Debug|Any CPU.Build.0 = Debug|Any CPU
		{85DF8532-5B7C-4735-940C-5CDCABAB7825}.Release|Any CPU.ActiveCfg = Release|Any CPU
		{85DF8532-5B7C-4735-940C-5CDCABAB7825}.Release|Any CPU.Build.0 = Release|Any CPU
		{6CC43875-F9D0-4E3C-8192-E6509A40D437}.Debug|Any CPU.ActiveCfg = Debug|Any CPU
		{6CC43875-F9D0-4E3C-8192-E6509A40D437}.Debug|Any CPU.Build.0 = Debug|Any CPU
		{6CC43875-F9D0-4E3C-8192-E6509A40D437}.Release|Any CPU.ActiveCfg = Release|Any CPU
		{6CC43875-F9D0-4E3C-8192-E6509A40D437}.Release|Any CPU.Build.0 = Release|Any CPU
		{0A0769F8-934D-4876-BA37-11F8C1DC21B2}.Debug|Any CPU.ActiveCfg = Debug|Any CPU
		{0A0769F8-934D-4876-BA37-11F8C1DC21B2}.Debug|Any CPU.Build.0 = Debug|Any CPU
		{0A0769F8-934D-4876-BA37-11F8C1DC21B2}.Release|Any CPU.ActiveCfg = Release|Any CPU
		{0A0769F8-934D-4876-BA37-11F8C1DC21B2}.Release|Any CPU.Build.0 = Release|Any CPU
		{83E8D525-929E-40D9-9D4F-BF2545C4550E}.Debug|Any CPU.ActiveCfg = Debug|Any CPU
		{83E8D525-929E-40D9-9D4F-BF2545C4550E}.Debug|Any CPU.Build.0 = Debug|Any CPU
		{83E8D525-929E-40D9-9D4F-BF2545C4550E}.Release|Any CPU.ActiveCfg = Release|Any CPU
		{83E8D525-929E-40D9-9D4F-BF2545C4550E}.Release|Any CPU.Build.0 = Release|Any CPU
	EndGlobalSection
	GlobalSection(SolutionProperties) = preSolution
		HideSolutionNode = FALSE
	EndGlobalSection
	GlobalSection(ExtensibilityGlobals) = postSolution
		SolutionGuid = {9B3685F8-143E-40C9-87A2-9FC884C91CF2}
	EndGlobalSection
EndGlobal
